
Microsoft Visual Studio Solution File, Format Version 12.00
# Visual Studio Version 17
VisualStudioVersion = 17.5.33016.39
MinimumVisualStudioVersion = 10.0.40219.1
Project("{9A19103F-16F7-4668-BE54-9A1E7A4F7556}") = "SignalRDemoHubs", "SignalRDemoHubs\SignalRDemoHubs.csproj", "{5E9B9BF2-42F1-4FBA-8549-D7E792C12C97}"
EndProject
Project("{9A19103F-16F7-4668-BE54-9A1E7A4F7556}") = "SignalRDemoBlazorClient", "SignalRDemoBlazorClient\SignalRDemoBlazorClient.csproj", "{CCF3A36A-80BF-4436-B50A-E9E56C905E27}"
EndProject
Project("{9A19103F-16F7-4668-BE54-9A1E7A4F7556}") = "SignalRDemoReusableChatComponent", "SignalRDemoReusableChatComponent\SignalRDemoReusableChatComponent.csproj", "{2F2B93DC-C4A8-4468-9D20-B38FD6068429}"
EndProject
Project("{9A19103F-16F7-4668-BE54-9A1E7A4F7556}") = "SignalRDemoMauiClient", "SignalRDemoMauiClient\SignalRDemoMauiClient.csproj", "{8FE39251-08A3-4DD1-A236-CB35DA001097}"
EndProject
Project("{FAE04EC0-301F-11D3-BF4B-00C04F79EFBC}") = "SignalRDemoMauiBlazorClient", "SignalRDemoMauiBlazorClient\SignalRDemoMauiBlazorClient.csproj", "{3D4DC90D-7EF0-496A-AD43-58E3D30B5524}"
EndProject
Global
	GlobalSection(SolutionConfigurationPlatforms) = preSolution
		Debug|Any CPU = Debug|Any CPU
		Release|Any CPU = Release|Any CPU
	EndGlobalSection
	GlobalSection(ProjectConfigurationPlatforms) = postSolution
		{5E9B9BF2-42F1-4FBA-8549-D7E792C12C97}.Debug|Any CPU.ActiveCfg = Debug|Any CPU
		{5E9B9BF2-42F1-4FBA-8549-D7E792C12C97}.Debug|Any CPU.Build.0 = Debug|Any CPU
		{5E9B9BF2-42F1-4FBA-8549-D7E792C12C97}.Release|Any CPU.ActiveCfg = Release|Any CPU
		{5E9B9BF2-42F1-4FBA-8549-D7E792C12C97}.Release|Any CPU.Build.0 = Release|Any CPU
		{CCF3A36A-80BF-4436-B50A-E9E56C905E27}.Debug|Any CPU.ActiveCfg = Debug|Any CPU
		{CCF3A36A-80BF-4436-B50A-E9E56C905E27}.Debug|Any CPU.Build.0 = Debug|Any CPU
		{CCF3A36A-80BF-4436-B50A-E9E56C905E27}.Release|Any CPU.ActiveCfg = Release|Any CPU
		{CCF3A36A-80BF-4436-B50A-E9E56C905E27}.Release|Any CPU.Build.0 = Release|Any CPU
		{2F2B93DC-C4A8-4468-9D20-B38FD6068429}.Debug|Any CPU.ActiveCfg = Debug|Any CPU
		{2F2B93DC-C4A8-4468-9D20-B38FD6068429}.Debug|Any CPU.Build.0 = Debug|Any CPU
		{2F2B93DC-C4A8-4468-9D20-B38FD6068429}.Release|Any CPU.ActiveCfg = Release|Any CPU
		{2F2B93DC-C4A8-4468-9D20-B38FD6068429}.Release|Any CPU.Build.0 = Release|Any CPU
		{8FE39251-08A3-4DD1-A236-CB35DA001097}.Debug|Any CPU.ActiveCfg = Debug|Any CPU
		{8FE39251-08A3-4DD1-A236-CB35DA001097}.Debug|Any CPU.Build.0 = Debug|Any CPU
		{8FE39251-08A3-4DD1-A236-CB35DA001097}.Debug|Any CPU.Deploy.0 = Debug|Any CPU
		{8FE39251-08A3-4DD1-A236-CB35DA001097}.Release|Any CPU.ActiveCfg = Release|Any CPU
		{8FE39251-08A3-4DD1-A236-CB35DA001097}.Release|Any CPU.Build.0 = Release|Any CPU
		{8FE39251-08A3-4DD1-A236-CB35DA001097}.Release|Any CPU.Deploy.0 = Release|Any CPU
		{3D4DC90D-7EF0-496A-AD43-58E3D30B5524}.Debug|Any CPU.ActiveCfg = Debug|Any CPU
		{3D4DC90D-7EF0-496A-AD43-58E3D30B5524}.Debug|Any CPU.Build.0 = Debug|Any CPU
		{3D4DC90D-7EF0-496A-AD43-58E3D30B5524}.Debug|Any CPU.Deploy.0 = Debug|Any CPU
		{3D4DC90D-7EF0-496A-AD43-58E3D30B5524}.Release|Any CPU.ActiveCfg = Release|Any CPU
		{3D4DC90D-7EF0-496A-AD43-58E3D30B5524}.Release|Any CPU.Build.0 = Release|Any CPU
		{3D4DC90D-7EF0-496A-AD43-58E3D30B5524}.Release|Any CPU.Deploy.0 = Release|Any CPU
	EndGlobalSection
	GlobalSection(SolutionProperties) = preSolution
		HideSolutionNode = FALSE
	EndGlobalSection
	GlobalSection(ExtensibilityGlobals) = postSolution
		SolutionGuid = {DFBE91F4-DB3E-4C0A-BAF1-76DE24A5294C}
	EndGlobalSection
EndGlobal
